
Microsoft Visual Studio Solution File, Format Version 12.00
# Visual Studio Version 16
VisualStudioVersion = 16.0.29215.179
MinimumVisualStudioVersion = 10.0.40219.1
Project("{FAE04EC0-301F-11D3-BF4B-00C04F79EFBC}") = "GreenTourismAPI", "GreenTourismAPI\GreenTourismAPI.csproj", "{44463262-78FF-4728-96F6-0F061C1AF33E}"
EndProject
Global
	GlobalSection(SolutionConfigurationPlatforms) = preSolution
		Debug|Any CPU = Debug|Any CPU
		Release|Any CPU = Release|Any CPU
	EndGlobalSection
	GlobalSection(ProjectConfigurationPlatforms) = postSolution
		{44463262-78FF-4728-96F6-0F061C1AF33E}.Debug|Any CPU.ActiveCfg = Debug|Any CPU
		{44463262-78FF-4728-96F6-0F061C1AF33E}.Debug|Any CPU.Build.0 = Debug|Any CPU
		{44463262-78FF-4728-96F6-0F061C1AF33E}.Release|Any CPU.ActiveCfg = Release|Any CPU
		{44463262-78FF-4728-96F6-0F061C1AF33E}.Release|Any CPU.Build.0 = Release|Any CPU
	EndGlobalSection
	GlobalSection(SolutionProperties) = preSolution
		HideSolutionNode = FALSE
	EndGlobalSection
	GlobalSection(ExtensibilityGlobals) = postSolution
		SolutionGuid = {5749045E-47F1-4674-96E3-191B207BA728}
	EndGlobalSection
EndGlobal
